
Microsoft Visual Studio Solution File, Format Version 12.00
# Visual Studio Version 17
VisualStudioVersion = 17.4.33103.184
MinimumVisualStudioVersion = 10.0.40219.1
Project("{FAE04EC0-301F-11D3-BF4B-00C04F79EFBC}") = "SimulationProject", "SimulationProject.csproj", "{51578493-F615-45E6-A21B-0153B6B5D2AA}"
EndProject
Global
	GlobalSection(SolutionConfigurationPlatforms) = preSolution
		Debug|Any CPU = Debug|Any CPU
		Release|Any CPU = Release|Any CPU
	EndGlobalSection
	GlobalSection(ProjectConfigurationPlatforms) = postSolution
		{51578493-F615-45E6-A21B-0153B6B5D2AA}.Debug|Any CPU.ActiveCfg = Debug|Any CPU
		{51578493-F615-45E6-A21B-0153B6B5D2AA}.Debug|Any CPU.Build.0 = Debug|Any CPU
		{51578493-F615-45E6-A21B-0153B6B5D2AA}.Release|Any CPU.ActiveCfg = Release|Any CPU
		{51578493-F615-45E6-A21B-0153B6B5D2AA}.Release|Any CPU.Build.0 = Release|Any CPU
	EndGlobalSection
	GlobalSection(SolutionProperties) = preSolution
		HideSolutionNode = FALSE
	EndGlobalSection
	GlobalSection(ExtensibilityGlobals) = postSolution
		SolutionGuid = {6BD6E7D8-D635-441B-89D0-D87F2CFCE532}
	EndGlobalSection
EndGlobal
